{
  "requires": true,
  "lockfileVersion": 1,
  "dependencies": {
    "@react-google-maps/api": {
      "version": "1.9.7",
      "resolved": "https://registry.npmjs.org/@react-google-maps/api/-/api-1.9.7.tgz",
      "integrity": "sha512-o51/1RaN67R9I9atfwAbshh5xs1hxzvrTiysNWi8rnkUSF29Kip+1YMQ1wys+fWUmjAPCjfqzYvaJuBIkgu8mw==",
      "requires": {
        "@react-google-maps/infobox": "1.9.6",
        "@react-google-maps/marker-clusterer": "1.9.6",
        "acorn": "7.3.1",
        "acorn-jsx": "^5.2.0",
        "invariant": "2.2.4"
      }
    },
    "@react-google-maps/infobox": {
      "version": "1.9.6",
      "resolved": "https://registry.npmjs.org/@react-google-maps/infobox/-/infobox-1.9.6.tgz",
      "integrity": "sha512-fR+zAC673BijGd9IJuV8sD0zEy1cLddxgyrT/SHFlNRPsnyprbH5Ox4zmfNU6UTkrQ7ULedFK7hUrgLVYKpc+Q=="
    },
    "@react-google-maps/marker-clusterer": {
      "version": "1.9.6",
      "resolved": "https://registry.npmjs.org/@react-google-maps/marker-clusterer/-/marker-clusterer-1.9.6.tgz",
      "integrity": "sha512-bliu3CfMWLxMJaW8UK7+6Q1iPQoXbP9BK14yvid2pZL+OgqKgmnY6O9pazIi5Ca9NVTviNcN8WCz1TicUiABQw=="
    },
    "acorn": {
      "version": "7.3.1",
      "resolved": "https://registry.npmjs.org/acorn/-/acorn-7.3.1.tgz",
      "integrity": "sha512-tLc0wSnatxAQHVHUapaHdz72pi9KUyHjq5KyHjGg9Y8Ifdc79pTh2XvI6I1/chZbnM7QtNKzh66ooDogPZSleA=="
    },
    "acorn-jsx": {
      "version": "5.2.0",
      "resolved": "https://registry.npmjs.org/acorn-jsx/-/acorn-jsx-5.2.0.tgz",
      "integrity": "sha512-HiUX/+K2YpkpJ+SzBffkM/AQ2YE03S0U1kjTLVpoJdhZMOWy8qvXVN9JdLqv2QsaQ6MPYQIuNmwD8zOiYUofLQ=="
    },
    "google-maps-react": {
      "version": "2.0.6",
      "resolved": "https://registry.npmjs.org/google-maps-react/-/google-maps-react-2.0.6.tgz",
      "integrity": "sha512-M8Eo9WndfQEfxcmm6yRq03qdJgw1x6rQmJ9DN+a+xPQ3K7yNDGkVDbinrf4/8vcox7nELbeopbm4bpefKewWfQ=="
    },
    "invariant": {
      "version": "2.2.4",
      "resolved": "https://registry.npmjs.org/invariant/-/invariant-2.2.4.tgz",
      "integrity": "sha512-phJfQVBuaJM5raOpJjSfkiD6BpbCE4Ns//LaXl6wGYtUBY83nWS6Rf9tXm2e8VaK60JEjYldbPif/A2B1C2gNA==",
      "requires": {
        "loose-envify": "^1.0.0"
      }
    },
    "js-tokens": {
      "version": "4.0.0",
      "resolved": "https://registry.npmjs.org/js-tokens/-/js-tokens-4.0.0.tgz",
      "integrity": "sha512-RdJUflcE3cUzKiMqQgsCu06FPu9UdIJO0beYbPhHN4k6apgJtifcoCtT9bcxOpYBtpD2kCM6Sbzg4CausW/PKQ=="
    },
    "loose-envify": {
      "version": "1.4.0",
      "resolved": "https://registry.npmjs.org/loose-envify/-/loose-envify-1.4.0.tgz",
      "integrity": "sha512-lyuxPGr/Wfhrlem2CL/UcnUc1zcqKAImBDzukY7Y5F/yQiNdko6+fRLevlw1HgMySw7f611UIY408EtxRSoK3Q==",
      "requires": {
        "js-tokens": "^3.0.0 || ^4.0.0"
      }
    }
  }
}
